// !$*UTF8*$!
{
	archiveVersion = 1;
	classes = {
	};
	objectVersion = 77;
	objects = {

/* Begin PBXContainerItemProxy section */
		E1B2D7792CD9E76900E6DE67 /* PBXContainerItemProxy */ = {
			isa = PBXContainerItemProxy;
			containerPortal = E1B2D7602CD9E76800E6DE67 /* Project object */;
			proxyType = 1;
			remoteGlobalIDString = E1B2D7672CD9E76800E6DE67;
			remoteInfo = TabViewTrain;
		};
		E1B2D7832CD9E76900E6DE67 /* PBXContainerItemProxy */ = {
			isa = PBXContainerItemProxy;
			containerPortal = E1B2D7602CD9E76800E6DE67 /* Project object */;
			proxyType = 1;
			remoteGlobalIDString = E1B2D7672CD9E76800E6DE67;
			remoteInfo = TabViewTrain;
		};
/* End PBXContainerItemProxy section */

/* Begin PBXFileReference section */
		E1B2D7682CD9E76800E6DE67 /* TabViewTrain.app */ = {isa = PBXFileReference; explicitFileType = wrapper.application; includeInIndex = 0; path = TabViewTrain.app; sourceTree = BUILT_PRODUCTS_DIR; };
		E1B2D7782CD9E76900E6DE67 /* TabViewTrainTests.xctest */ = {isa = PBXFileReference; explicitFileType = wrapper.cfbundle; includeInIndex = 0; path = TabViewTrainTests.xctest; sourceTree = BUILT_PRODUCTS_DIR; };
		E1B2D7822CD9E76900E6DE67 /* TabViewTrainUITests.xctest */ = {isa = PBXFileReference; explicitFileType = wrapper.cfbundle; includeInIndex = 0; path = TabViewTrainUITests.xctest; sourceTree = BUILT_PRODUCTS_DIR; };
/* End PBXFileReference section */

/* Begin PBXFileSystemSynchronizedRootGroup section */
		E1B2D76A2CD9E76800E6DE67 /* TabViewTrain */ = {
			isa = PBXFileSystemSynchronizedRootGroup;
			path = TabViewTrain;
			sourceTree = "<group>";
		};
		E1B2D77B2CD9E76900E6DE67 /* TabViewTrainTests */ = {
			isa = PBXFileSystemSynchronizedRootGroup;
			path = TabViewTrainTests;
			sourceTree = "<group>";
		};
		E1B2D7852CD9E76900E6DE67 /* TabViewTrainUITests */ = {
			isa = PBXFileSystemSynchronizedRootGroup;
			path = TabViewTrainUITests;
			sourceTree = "<group>";
		};
/* End PBXFileSystemSynchronizedRootGroup section */

/* Begin PBXFrameworksBuildPhase section */
		E1B2D7652CD9E76800E6DE67 /* Frameworks */ = {
			isa = PBXFrameworksBuildPhase;
			buildActionMask = 2147483647;
			files = (
			);
			runOnlyForDeploymentPostprocessing = 0;
		};
		E1B2D7752CD9E76900E6DE67 /* Frameworks */ = {
			isa = PBXFrameworksBuildPhase;
			buildActionMask = 2147483647;
			files = (
			);
			runOnlyForDeploymentPostprocessing = 0;
		};
		E1B2D77F2CD9E76900E6DE67 /* Frameworks */ = {
			isa = PBXFrameworksBuildPhase;
			buildActionMask = 2147483647;
			files = (
			);
			runOnlyForDeploymentPostprocessing = 0;
		};
/* End PBXFrameworksBuildPhase section */

/* Begin PBXGroup section */
		E1B2D75F2CD9E76800E6DE67 = {
			isa = PBXGroup;
			children = (
				E1B2D76A2CD9E76800E6DE67 /* TabViewTrain */,
				E1B2D77B2CD9E76900E6DE67 /* TabViewTrainTests */,
				E1B2D7852CD9E76900E6DE67 /* TabViewTrainUITests */,
				E1B2D7692CD9E76800E6DE67 /* Products */,
			);
			sourceTree = "<group>";
		};
		E1B2D7692CD9E76800E6DE67 /* Products */ = {
			isa = PBXGroup;
			children = (
				E1B2D7682CD9E76800E6DE67 /* TabViewTrain.app */,
				E1B2D7782CD9E76900E6DE67 /* TabViewTrainTests.xctest */,
				E1B2D7822CD9E76900E6DE67 /* TabViewTrainUITests.xctest */,
			);
			name = Products;
			sourceTree = "<group>";
		};
/* End PBXGroup section */

/* Begin PBXNativeTarget section */
		E1B2D7672CD9E76800E6DE67 /* TabViewTrain */ = {
			isa = PBXNativeTarget;
			buildConfigurationList = E1B2D78C2CD9E76900E6DE67 /* Build configuration list for PBXNativeTarget "TabViewTrain" */;
			buildPhases = (
				E1B2D7642CD9E76800E6DE67 /* Sources */,
				E1B2D7652CD9E76800E6DE67 /* Frameworks */,
				E1B2D7662CD9E76800E6DE67 /* Resources */,
			);
			buildRules = (
			);
			dependencies = (
			);
			fileSystemSynchronizedGroups = (
				E1B2D76A2CD9E76800E6DE67 /* TabViewTrain */,
			);
			name = TabViewTrain;
			packageProductDependencies = (
			);
			productName = TabViewTrain;
			productReference = E1B2D7682CD9E76800E6DE67 /* TabViewTrain.app */;
			productType = "com.apple.product-type.application";
		};
		E1B2D7772CD9E76900E6DE67 /* TabViewTrainTests */ = {
			isa = PBXNativeTarget;
			buildConfigurationList = E1B2D78F2CD9E76900E6DE67 /* Build configuration list for PBXNativeTarget "TabViewTrainTests" */;
			buildPhases = (
				E1B2D7742CD9E76900E6DE67 /* Sources */,
				E1B2D7752CD9E76900E6DE67 /* Frameworks */,
				E1B2D7762CD9E76900E6DE67 /* Resources */,
			);
			buildRules = (
			);
			dependencies = (
				E1B2D77A2CD9E76900E6DE67 /* PBXTargetDependency */,
			);
			fileSystemSynchronizedGroups = (
				E1B2D77B2CD9E76900E6DE67 /* TabViewTrainTests */,
			);
			name = TabViewTrainTests;
			packageProductDependencies = (
			);
			productName = TabViewTrainTests;
			productReference = E1B2D7782CD9E76900E6DE67 /* TabViewTrainTests.xctest */;
			productType = "com.apple.product-type.bundle.unit-test";
		};
		E1B2D7812CD9E76900E6DE67 /* TabViewTrainUITests */ = {
			isa = PBXNativeTarget;
			buildConfigurationList = E1B2D7922CD9E76900E6DE67 /* Build configuration list for PBXNativeTarget "TabViewTrainUITests" */;
			buildPhases = (
				E1B2D77E2CD9E76900E6DE67 /* Sources */,
				E1B2D77F2CD9E76900E6DE67 /* Frameworks */,
				E1B2D7802CD9E76900E6DE67 /* Resources */,
			);
			buildRules = (
			);
			dependencies = (
				E1B2D7842CD9E76900E6DE67 /* PBXTargetDependency */,
			);
			fileSystemSynchronizedGroups = (
				E1B2D7852CD9E76900E6DE67 /* TabViewTrainUITests */,
			);
			name = TabViewTrainUITests;
			packageProductDependencies = (
			);
			productName = TabViewTrainUITests;
			productReference = E1B2D7822CD9E76900E6DE67 /* TabViewTrainUITests.xctest */;
			productType = "com.apple.product-type.bundle.ui-testing";
		};
/* End PBXNativeTarget section */

/* Begin PBXProject section */
		E1B2D7602CD9E76800E6DE67 /* Project object */ = {
			isa = PBXProject;
			attributes = {
				BuildIndependentTargetsInParallel = 1;
				LastSwiftUpdateCheck = 1600;
				LastUpgradeCheck = 1600;
				TargetAttributes = {
					E1B2D7672CD9E76800E6DE67 = {
						CreatedOnToolsVersion = 16.0;
					};
					E1B2D7772CD9E76900E6DE67 = {
						CreatedOnToolsVersion = 16.0;
						TestTargetID = E1B2D7672CD9E76800E6DE67;
					};
					E1B2D7812CD9E76900E6DE67 = {
						CreatedOnToolsVersion = 16.0;
						TestTargetID = E1B2D7672CD9E76800E6DE67;
					};
				};
			};
			buildConfigurationList = E1B2D7632CD9E76800E6DE67 /* Build configuration list for PBXProject "TabViewTrain" */;
			developmentRegion = en;
			hasScannedForEncodings = 0;
			knownRegions = (
				en,
				Base,
			);
			mainGroup = E1B2D75F2CD9E76800E6DE67;
			minimizedProjectReferenceProxies = 1;
			preferredProjectObjectVersion = 77;
			productRefGroup = E1B2D7692CD9E76800E6DE67 /* Products */;
			projectDirPath = "";
			projectRoot = "";
			targets = (
				E1B2D7672CD9E76800E6DE67 /* TabViewTrain */,
				E1B2D7772CD9E76900E6DE67 /* TabViewTrainTests */,
				E1B2D7812CD9E76900E6DE67 /* TabViewTrainUITests */,
			);
		};
/* End PBXProject section */

/* Begin PBXResourcesBuildPhase section */
		E1B2D7662CD9E76800E6DE67 /* Resources */ = {
			isa = PBXResourcesBuildPhase;
			buildActionMask = 2147483647;
			files = (
			);
			runOnlyForDeploymentPostprocessing = 0;
		};
		E1B2D7762CD9E76900E6DE67 /* Resources */ = {
			isa = PBXResourcesBuildPhase;
			buildActionMask = 2147483647;
			files = (
			);
			runOnlyForDeploymentPostprocessing = 0;
		};
		E1B2D7802CD9E76900E6DE67 /* Resources */ = {
			isa = PBXResourcesBuildPhase;
			buildActionMask = 2147483647;
			files = (
			);
			runOnlyForDeploymentPostprocessing = 0;
		};
/* End PBXResourcesBuildPhase section */

/* Begin PBXSourcesBuildPhase section */
		E1B2D7642CD9E76800E6DE67 /* Sources */ = {
			isa = PBXSourcesBuildPhase;
			buildActionMask = 2147483647;
			files = (
			);
			runOnlyForDeploymentPostprocessing = 0;
		};
		E1B2D7742CD9E76900E6DE67 /* Sources */ = {
			isa = PBXSourcesBuildPhase;
			buildActionMask = 2147483647;
			files = (
			);
			runOnlyForDeploymentPostprocessing = 0;
		};
		E1B2D77E2CD9E76900E6DE67 /* Sources */ = {
			isa = PBXSourcesBuildPhase;
			buildActionMask = 2147483647;
			files = (
			);
			runOnlyForDeploymentPostprocessing = 0;
		};
/* End PBXSourcesBuildPhase section */

/* Begin PBXTargetDependency section */
		E1B2D77A2CD9E76900E6DE67 /* PBXTargetDependency */ = {
			isa = PBXTargetDependency;
			target = E1B2D7672CD9E76800E6DE67 /* TabViewTrain */;
			targetProxy = E1B2D7792CD9E76900E6DE67 /* PBXContainerItemProxy */;
		};
		E1B2D7842CD9E76900E6DE67 /* PBXTargetDependency */ = {
			isa = PBXTargetDependency;
			target = E1B2D7672CD9E76800E6DE67 /* TabViewTrain */;
			targetProxy = E1B2D7832CD9E76900E6DE67 /* PBXContainerItemProxy */;
		};
/* End PBXTargetDependency section */

/* Begin XCBuildConfiguration section */
		E1B2D78A2CD9E76900E6DE67 /* Debug */ = {
			isa = XCBuildConfiguration;
			buildSettings = {
				ALWAYS_SEARCH_USER_PATHS = NO;
				ASSETCATALOG_COMPILER_GENERATE_SWIFT_ASSET_SYMBOL_EXTENSIONS = YES;
				CLANG_ANALYZER_NONNULL = YES;
				CLANG_ANALYZER_NUMBER_OBJECT_CONVERSION = YES_AGGRESSIVE;
				CLANG_CXX_LANGUAGE_STANDARD = "gnu++20";
				CLANG_ENABLE_MODULES = YES;
				CLANG_ENABLE_OBJC_ARC = YES;
				CLANG_ENABLE_OBJC_WEAK = YES;
				CLANG_WARN_BLOCK_CAPTURE_AUTORELEASING = YES;
				CLANG_WARN_BOOL_CONVERSION = YES;
				CLANG_WARN_COMMA = YES;
				CLANG_WARN_CONSTANT_CONVERSION = YES;
				CLANG_WARN_DEPRECATED_OBJC_IMPLEMENTATIONS = YES;
				CLANG_WARN_DIRECT_OBJC_ISA_USAGE = YES_ERROR;
				CLANG_WARN_DOCUMENTATION_COMMENTS = YES;
				CLANG_WARN_EMPTY_BODY = YES;
				CLANG_WARN_ENUM_CONVERSION = YES;
				CLANG_WARN_INFINITE_RECURSION = YES;
				CLANG_WARN_INT_CONVERSION = YES;
				CLANG_WARN_NON_LITERAL_NULL_CONVERSION = YES;
				CLANG_WARN_OBJC_IMPLICIT_RETAIN_SELF = YES;
				CLANG_WARN_OBJC_LITERAL_CONVERSION = YES;
				CLANG_WARN_OBJC_ROOT_CLASS = YES_ERROR;
				CLANG_WARN_QUOTED_INCLUDE_IN_FRAMEWORK_HEADER = YES;
				CLANG_WARN_RANGE_LOOP_ANALYSIS = YES;
				CLANG_WARN_STRICT_PROTOTYPES = YES;
				CLANG_WARN_SUSPICIOUS_MOVE = YES;
				CLANG_WARN_UNGUARDED_AVAILABILITY = YES_AGGRESSIVE;
				CLANG_WARN_UNREACHABLE_CODE = YES;
				CLANG_WARN__DUPLICATE_METHOD_MATCH = YES;
				COPY_PHASE_STRIP = NO;
				DEBUG_INFORMATION_FORMAT = dwarf;
				ENABLE_STRICT_OBJC_MSGSEND = YES;
				ENABLE_TESTABILITY = YES;
				ENABLE_USER_SCRIPT_SANDBOXING = YES;
				GCC_C_LANGUAGE_STANDARD = gnu17;
				GCC_DYNAMIC_NO_PIC = NO;
				GCC_NO_COMMON_BLOCKS = YES;
				GCC_OPTIMIZATION_LEVEL = 0;
				GCC_PREPROCESSOR_DEFINITIONS = (
					"DEBUG=1",
					"$(inherited)",
				);
				GCC_WARN_64_TO_32_BIT_CONVERSION = YES;
				GCC_WARN_ABOUT_RETURN_TYPE = YES_ERROR;
				GCC_WARN_UNDECLARED_SELECTOR = YES;
				GCC_WARN_UNINITIALIZED_AUTOS = YES_AGGRESSIVE;
				GCC_WARN_UNUSED_FUNCTION = YES;
				GCC_WARN_UNUSED_VARIABLE = YES;
				IPHONEOS_DEPLOYMENT_TARGET = 18.0;
				LOCALIZATION_PREFERS_STRING_CATALOGS = YES;
				MTL_ENABLE_DEBUG_INFO = INCLUDE_SOURCE;
				MTL_FAST_MATH = YES;
				ONLY_ACTIVE_ARCH = YES;
				SDKROOT = iphoneos;
				SWIFT_ACTIVE_COMPILATION_CONDITIONS = "DEBUG $(inherited)";
				SWIFT_OPTIMIZATION_LEVEL = "-Onone";
			};
			name = Debug;
		};
		E1B2D78B2CD9E76900E6DE67 /* Release */ = {
			isa = XCBuildConfiguration;
			buildSettings = {
				ALWAYS_SEARCH_USER_PATHS = NO;
				ASSETCATALOG_COMPILER_GENERATE_SWIFT_ASSET_SYMBOL_EXTENSIONS = YES;
				CLANG_ANALYZER_NONNULL = YES;
				CLANG_ANALYZER_NUMBER_OBJECT_CONVERSION = YES_AGGRESSIVE;
				CLANG_CXX_LANGUAGE_STANDARD = "gnu++20";
				CLANG_ENABLE_MODULES = YES;
				CLANG_ENABLE_OBJC_ARC = YES;
				CLANG_ENABLE_OBJC_WEAK = YES;
				CLANG_WARN_BLOCK_CAPTURE_AUTORELEASING = YES;
				CLANG_WARN_BOOL_CONVERSION = YES;
				CLANG_WARN_COMMA = YES;
				CLANG_WARN_CONSTANT_CONVERSION = YES;
				CLANG_WARN_DEPRECATED_OBJC_IMPLEMENTATIONS = YES;
				CLANG_WARN_DIRECT_OBJC_ISA_USAGE = YES_ERROR;
				CLANG_WARN_DOCUMENTATION_COMMENTS = YES;
				CLANG_WARN_EMPTY_BODY = YES;
				CLANG_WARN_ENUM_CONVERSION = YES;
				CLANG_WARN_INFINITE_RECURSION = YES;
				CLANG_WARN_INT_CONVERSION = YES;
				CLANG_WARN_NON_LITERAL_NULL_CONVERSION = YES;
				CLANG_WARN_OBJC_IMPLICIT_RETAIN_SELF = YES;
				CLANG_WARN_OBJC_LITERAL_CONVERSION = YES;
				CLANG_WARN_OBJC_ROOT_CLASS = YES_ERROR;
				CLANG_WARN_QUOTED_INCLUDE_IN_FRAMEWORK_HEADER = YES;
				CLANG_WARN_RANGE_LOOP_ANALYSIS = YES;
				CLANG_WARN_STRICT_PROTOTYPES = YES;
				CLANG_WARN_SUSPICIOUS_MOVE = YES;
				CLANG_WARN_UNGUARDED_AVAILABILITY = YES_AGGRESSIVE;
				CLANG_WARN_UNREACHABLE_CODE = YES;
				CLANG_WARN__DUPLICATE_METHOD_MATCH = YES;
				COPY_PHASE_STRIP = NO;
				DEBUG_INFORMATION_FORMAT = "dwarf-with-dsym";
				ENABLE_NS_ASSERTIONS = NO;
				ENABLE_STRICT_OBJC_MSGSEND = YES;
				ENABLE_USER_SCRIPT_SANDBOXING = YES;
				GCC_C_LANGUAGE_STANDARD = gnu17;
				GCC_NO_COMMON_BLOCKS = YES;
				GCC_WARN_64_TO_32_BIT_CONVERSION = YES;
				GCC_WARN_ABOUT_RETURN_TYPE = YES_ERROR;
				GCC_WARN_UNDECLARED_SELECTOR = YES;
				GCC_WARN_UNINITIALIZED_AUTOS = YES_AGGRESSIVE;
				GCC_WARN_UNUSED_FUNCTION = YES;
				GCC_WARN_UNUSED_VARIABLE = YES;
				IPHONEOS_DEPLOYMENT_TARGET = 18.0;
				LOCALIZATION_PREFERS_STRING_CATALOGS = YES;
				MTL_ENABLE_DEBUG_INFO = NO;
				MTL_FAST_MATH = YES;
				SDKROOT = iphoneos;
				SWIFT_COMPILATION_MODE = wholemodule;
				VALIDATE_PRODUCT = YES;
			};
			name = Release;
		};
		E1B2D78D2CD9E76900E6DE67 /* Debug */ = {
			isa = XCBuildConfiguration;
			buildSettings = {
				ASSETCATALOG_COMPILER_APPICON_NAME = AppIcon;
				ASSETCATALOG_COMPILER_GLOBAL_ACCENT_COLOR_NAME = AccentColor;
				CODE_SIGN_STYLE = Automatic;
				CURRENT_PROJECT_VERSION = 1;
				DEVELOPMENT_ASSET_PATHS = "\"TabViewTrain/Preview Content\"";
				ENABLE_PREVIEWS = YES;
				GENERATE_INFOPLIST_FILE = YES;
				INFOPLIST_KEY_UIApplicationSceneManifest_Generation = YES;
				INFOPLIST_KEY_UIApplicationSupportsIndirectInputEvents = YES;
				INFOPLIST_KEY_UILaunchScreen_Generation = YES;
				INFOPLIST_KEY_UISupportedInterfaceOrientations_iPad = "UIInterfaceOrientationPortrait UIInterfaceOrientationPortraitUpsideDown UIInterfaceOrientationLandscapeLeft UIInterfaceOrientationLandscapeRight";
				INFOPLIST_KEY_UISupportedInterfaceOrientations_iPhone = "UIInterfaceOrientationPortrait UIInterfaceOrientationLandscapeLeft UIInterfaceOrientationLandscapeRight";
				LD_RUNPATH_SEARCH_PATHS = (
					"$(inherited)",
					"@executable_path/Frameworks",
				);
				MARKETING_VERSION = 1.0;
				PRODUCT_BUNDLE_IDENTIFIER = Danil.TabViewTrain;
				PRODUCT_NAME = "$(TARGET_NAME)";
				SWIFT_EMIT_LOC_STRINGS = YES;
				SWIFT_VERSION = 5.0;
				TARGETED_DEVICE_FAMILY = "1,2";
			};
			name = Debug;
		};
		E1B2D78E2CD9E76900E6DE67 /* Release */ = {
			isa = XCBuildConfiguration;
			buildSettings = {
				ASSETCATALOG_COMPILER_APPICON_NAME = AppIcon;
				ASSETCATALOG_COMPILER_GLOBAL_ACCENT_COLOR_NAME = AccentColor;
				CODE_SIGN_STYLE = Automatic;
				CURRENT_PROJECT_VERSION = 1;
				DEVELOPMENT_ASSET_PATHS = "\"TabViewTrain/Preview Content\"";
				ENABLE_PREVIEWS = YES;
				GENERATE_INFOPLIST_FILE = YES;
				INFOPLIST_KEY_UIApplicationSceneManifest_Generation = YES;
				INFOPLIST_KEY_UIApplicationSupportsIndirectInputEvents = YES;
				INFOPLIST_KEY_UILaunchScreen_Generation = YES;
				INFOPLIST_KEY_UISupportedInterfaceOrientations_iPad = "UIInterfaceOrientationPortrait UIInterfaceOrientationPortraitUpsideDown UIInterfaceOrientationLandscapeLeft UIInterfaceOrientationLandscapeRight";
				INFOPLIST_KEY_UISupportedInterfaceOrientations_iPhone = "UIInterfaceOrientationPortrait UIInterfaceOrientationLandscapeLeft UIInterfaceOrientationLandscapeRight";
				LD_RUNPATH_SEARCH_PATHS = (
					"$(inherited)",
					"@executable_path/Frameworks",
				);
				MARKETING_VERSION = 1.0;
				PRODUCT_BUNDLE_IDENTIFIER = Danil.TabViewTrain;
				PRODUCT_NAME = "$(TARGET_NAME)";
				SWIFT_EMIT_LOC_STRINGS = YES;
				SWIFT_VERSION = 5.0;
				TARGETED_DEVICE_FAMILY = "1,2";
			};
			name = Release;
		};
		E1B2D7902CD9E76900E6DE67 /* Debug */ = {
			isa = XCBuildConfiguration;
			buildSettings = {
				BUNDLE_LOADER = "$(TEST_HOST)";
				CODE_SIGN_STYLE = Automatic;
				CURRENT_PROJECT_VERSION = 1;
				GENERATE_INFOPLIST_FILE = YES;
				IPHONEOS_DEPLOYMENT_TARGET = 18.0;
				MARKETING_VERSION = 1.0;
				PRODUCT_BUNDLE_IDENTIFIER = Danil.TabViewTrainTests;
				PRODUCT_NAME = "$(TARGET_NAME)";
				SWIFT_EMIT_LOC_STRINGS = NO;
				SWIFT_VERSION = 5.0;
				TARGETED_DEVICE_FAMILY = "1,2";
				TEST_HOST = "$(BUILT_PRODUCTS_DIR)/TabViewTrain.app/$(BUNDLE_EXECUTABLE_FOLDER_PATH)/TabViewTrain";
			};
			name = Debug;
		};
		E1B2D7912CD9E76900E6DE67 /* Release */ = {
			isa = XCBuildConfiguration;
			buildSettings = {
				BUNDLE_LOADER = "$(TEST_HOST)";
				CODE_SIGN_STYLE = Automatic;
				CURRENT_PROJECT_VERSION = 1;
				GENERATE_INFOPLIST_FILE = YES;
				IPHONEOS_DEPLOYMENT_TARGET = 18.0;
				MARKETING_VERSION = 1.0;
				PRODUCT_BUNDLE_IDENTIFIER = Danil.TabViewTrainTests;
				PRODUCT_NAME = "$(TARGET_NAME)";
				SWIFT_EMIT_LOC_STRINGS = NO;
				SWIFT_VERSION = 5.0;
				TARGETED_DEVICE_FAMILY = "1,2";
				TEST_HOST = "$(BUILT_PRODUCTS_DIR)/TabViewTrain.app/$(BUNDLE_EXECUTABLE_FOLDER_PATH)/TabViewTrain";
			};
			name = Release;
		};
		E1B2D7932CD9E76900E6DE67 /* Debug */ = {
			isa = XCBuildConfiguration;
			buildSettings = {
				CODE_SIGN_STYLE = Automatic;
				CURRENT_PROJECT_VERSION = 1;
				GENERATE_INFOPLIST_FILE = YES;
				MARKETING_VERSION = 1.0;
				PRODUCT_BUNDLE_IDENTIFIER = Danil.TabViewTrainUITests;
				PRODUCT_NAME = "$(TARGET_NAME)";
				SWIFT_EMIT_LOC_STRINGS = NO;
				SWIFT_VERSION = 5.0;
				TARGETED_DEVICE_FAMILY = "1,2";
				TEST_TARGET_NAME = TabViewTrain;
			};
			name = Debug;
		};
		E1B2D7942CD9E76900E6DE67 /* Release */ = {
			isa = XCBuildConfiguration;
			buildSettings = {
				CODE_SIGN_STYLE = Automatic;
				CURRENT_PROJECT_VERSION = 1;
				GENERATE_INFOPLIST_FILE = YES;
				MARKETING_VERSION = 1.0;
				PRODUCT_BUNDLE_IDENTIFIER = Danil.TabViewTrainUITests;
				PRODUCT_NAME = "$(TARGET_NAME)";
				SWIFT_EMIT_LOC_STRINGS = NO;
				SWIFT_VERSION = 5.0;
				TARGETED_DEVICE_FAMILY = "1,2";
				TEST_TARGET_NAME = TabViewTrain;
			};
			name = Release;
		};
/* End XCBuildConfiguration section */

/* Begin XCConfigurationList section */
		E1B2D7632CD9E76800E6DE67 /* Build configuration list for PBXProject "TabViewTrain" */ = {
			isa = XCConfigurationList;
			buildConfigurations = (
				E1B2D78A2CD9E76900E6DE67 /* Debug */,
				E1B2D78B2CD9E76900E6DE67 /* Release */,
			);
			defaultConfigurationIsVisible = 0;
			defaultConfigurationName = Release;
		};
		E1B2D78C2CD9E76900E6DE67 /* Build configuration list for PBXNativeTarget "TabViewTrain" */ = {
			isa = XCConfigurationList;
			buildConfigurations = (
				E1B2D78D2CD9E76900E6DE67 /* Debug */,
				E1B2D78E2CD9E76900E6DE67 /* Release */,
			);
			defaultConfigurationIsVisible = 0;
			defaultConfigurationName = Release;
		};
		E1B2D78F2CD9E76900E6DE67 /* Build configuration list for PBXNativeTarget "TabViewTrainTests" */ = {
			isa = XCConfigurationList;
			buildConfigurations = (
				E1B2D7902CD9E76900E6DE67 /* Debug */,
				E1B2D7912CD9E76900E6DE67 /* Release */,
			);
			defaultConfigurationIsVisible = 0;
			defaultConfigurationName = Release;
		};
		E1B2D7922CD9E76900E6DE67 /* Build configuration list for PBXNativeTarget "TabViewTrainUITests" */ = {
			isa = XCConfigurationList;
			buildConfigurations = (
				E1B2D7932CD9E76900E6DE67 /* Debug */,
				E1B2D7942CD9E76900E6DE67 /* Release */,
			);
			defaultConfigurationIsVisible = 0;
			defaultConfigurationName = Release;
		};
/* End XCConfigurationList section */
	};
	rootObject = E1B2D7602CD9E76800E6DE67 /* Project object */;
}
